
Microsoft Visual Studio Solution File, Format Version 12.00
# Visual Studio Version 16
VisualStudioVersion = 16.0.31025.194
MinimumVisualStudioVersion = 10.0.40219.1
Project("{FAE04EC0-301F-11D3-BF4B-00C04F79EFBC}") = "Hospital Management System", "Hospital Management System\Hospital Management System.csproj", "{11C755FD-72F0-4D0B-BBA3-077017F2F048}"
EndProject
Global
	GlobalSection(SolutionConfigurationPlatforms) = preSolution
		Debug|Any CPU = Debug|Any CPU
		Release|Any CPU = Release|Any CPU
	EndGlobalSection
	GlobalSection(ProjectConfigurationPlatforms) = postSolution
		{11C755FD-72F0-4D0B-BBA3-077017F2F048}.Debug|Any CPU.ActiveCfg = Debug|Any CPU
		{11C755FD-72F0-4D0B-BBA3-077017F2F048}.Debug|Any CPU.Build.0 = Debug|Any CPU
		{11C755FD-72F0-4D0B-BBA3-077017F2F048}.Release|Any CPU.ActiveCfg = Release|Any CPU
		{11C755FD-72F0-4D0B-BBA3-077017F2F048}.Release|Any CPU.Build.0 = Release|Any CPU
	EndGlobalSection
	GlobalSection(SolutionProperties) = preSolution
		HideSolutionNode = FALSE
	EndGlobalSection
	GlobalSection(ExtensibilityGlobals) = postSolution
		SolutionGuid = {8EC1F665-D54F-43FF-AB8A-F853296CD681}
	EndGlobalSection
EndGlobal
